
Microsoft Visual Studio Solution File, Format Version 12.00
# Visual Studio Version 16
VisualStudioVersion = 16.0.31410.357
MinimumVisualStudioVersion = 10.0.40219.1
Project("{FAE04EC0-301F-11D3-BF4B-00C04F79EFBC}") = "Homework8", "Homework8.csproj", "{49CAECC2-BE52-41DF-AD48-DD99058ACE2E}"
EndProject
Project("{FAE04EC0-301F-11D3-BF4B-00C04F79EFBC}") = "TrueFalseGame", "..\TrueFalseGame\TrueFalseGame.csproj", "{7F94A5FF-3C1D-4B2F-B592-1DAD43B916C7}"
EndProject
Global
	GlobalSection(SolutionConfigurationPlatforms) = preSolution
		Debug|Any CPU = Debug|Any CPU
		Release|Any CPU = Release|Any CPU
	EndGlobalSection
	GlobalSection(ProjectConfigurationPlatforms) = postSolution
		{49CAECC2-BE52-41DF-AD48-DD99058ACE2E}.Debug|Any CPU.ActiveCfg = Debug|Any CPU
		{49CAECC2-BE52-41DF-AD48-DD99058ACE2E}.Debug|Any CPU.Build.0 = Debug|Any CPU
		{49CAECC2-BE52-41DF-AD48-DD99058ACE2E}.Release|Any CPU.ActiveCfg = Release|Any CPU
		{49CAECC2-BE52-41DF-AD48-DD99058ACE2E}.Release|Any CPU.Build.0 = Release|Any CPU
		{7F94A5FF-3C1D-4B2F-B592-1DAD43B916C7}.Debug|Any CPU.ActiveCfg = Debug|Any CPU
		{7F94A5FF-3C1D-4B2F-B592-1DAD43B916C7}.Debug|Any CPU.Build.0 = Debug|Any CPU
		{7F94A5FF-3C1D-4B2F-B592-1DAD43B916C7}.Release|Any CPU.ActiveCfg = Release|Any CPU
		{7F94A5FF-3C1D-4B2F-B592-1DAD43B916C7}.Release|Any CPU.Build.0 = Release|Any CPU
	EndGlobalSection
	GlobalSection(SolutionProperties) = preSolution
		HideSolutionNode = FALSE
	EndGlobalSection
	GlobalSection(ExtensibilityGlobals) = postSolution
		SolutionGuid = {8121A9AD-358F-47CD-B599-D51359445A18}
	EndGlobalSection
EndGlobal
